
Microsoft Visual Studio Solution File, Format Version 12.00
# Visual Studio 15
VisualStudioVersion = 15.0.27703.2035
MinimumVisualStudioVersion = 10.0.40219.1
Project("{FAE04EC0-301F-11D3-BF4B-00C04F79EFBC}") = "UnimedSite", "UnimedSite\UnimedSite.csproj", "{557FA001-5EB1-486D-B90B-94039C8D84D6}"
EndProject
Global
	GlobalSection(SolutionConfigurationPlatforms) = preSolution
		Debug|Any CPU = Debug|Any CPU
		Release|Any CPU = Release|Any CPU
	EndGlobalSection
	GlobalSection(ProjectConfigurationPlatforms) = postSolution
		{557FA001-5EB1-486D-B90B-94039C8D84D6}.Debug|Any CPU.ActiveCfg = Debug|Any CPU
		{557FA001-5EB1-486D-B90B-94039C8D84D6}.Debug|Any CPU.Build.0 = Debug|Any CPU
		{557FA001-5EB1-486D-B90B-94039C8D84D6}.Release|Any CPU.ActiveCfg = Release|Any CPU
		{557FA001-5EB1-486D-B90B-94039C8D84D6}.Release|Any CPU.Build.0 = Release|Any CPU
	EndGlobalSection
	GlobalSection(SolutionProperties) = preSolution
		HideSolutionNode = FALSE
	EndGlobalSection
	GlobalSection(ExtensibilityGlobals) = postSolution
		SolutionGuid = {CF2152B3-303A-472A-8EBB-AD91000B4AA3}
	EndGlobalSection
EndGlobal
